<?xml version="1.0" encoding="UTF-8"?>
<Scheme
   LastUpgradeVersion = "0700"
   version = "1.7">
   <BuildAction
      parallelizeBuildables = "YES"
      buildImplicitDependencies = "YES">
      <BuildActionEntries>
         <BuildActionEntry
            buildForTesting = "YES"
            buildForRunning = "YES"
            buildForProfiling = "YES"
            buildForArchiving = "YES"
            buildForAnalyzing = "YES">
            <BuildableReference
               BuildableIdentifier = "primary"
               BlueprintIdentifier = "A1EBF9781BA3820E000A9A58"
               BuildableName = "Peppermint.mailbundle"
               BlueprintName = "Peppermint"
               ReferencedContainer = "container:PeppermintMail.xcodeproj">
            </BuildableReference>
         </BuildActionEntry>
      </BuildActionEntries>
   </BuildAction>
   <TestAction
      buildConfiguration = "Debug"
      selectedDebuggerIdentifier = "Xcode.DebuggerFoundation.Debugger.LLDB"
      selectedLauncherIdentifier = "Xcode.DebuggerFoundation.Launcher.LLDB"
      shouldUseLaunchSchemeArgsEnv = "YES">
      <Testables>
         <TestableReference
            skipped = "NO">
            <BuildableReference
               BuildableIdentifier = "primary"
               BlueprintIdentifier = "A12848711BA8272900DD38CF"
               BuildableName = "PeppermintUT.xctest"
               BlueprintName = "PeppermintUT"
               ReferencedContainer = "container:PeppermintMail.xcodeproj">
            </BuildableReference>
         </TestableReference>
      </Testables>
      <MacroExpansion>
         <BuildableReference
            BuildableIdentifier = "primary"
            BlueprintIdentifier = "A1EBF9781BA3820E000A9A58"
            BuildableName = "Peppermint.mailbundle"
            BlueprintName = "Peppermint"
            ReferencedContainer = "container:PeppermintMail.xcodeproj">
         </BuildableReference>
      </MacroExpansion>
      <AdditionalOptions>
      </AdditionalOptions>
   </TestAction>
   <LaunchAction
      buildConfiguration = "Release"
      selectedDebuggerIdentifier = "Xcode.DebuggerFoundation.Debugger.LLDB"
      selectedLauncherIdentifier = "Xcode.DebuggerFoundation.Launcher.LLDB"
      launchStyle = "0"
      useCustomWorkingDirectory = "NO"
      ignoresPersistentStateOnLaunch = "NO"
      debugDocumentVersioning = "YES"
      debugServiceExtension = "internal"
      allowLocationSimulation = "YES">
      <PreActions>
         <ExecutionAction
            ActionType = "Xcode.IDEStandardExecutionActionsCore.ExecutionActionType.ShellScriptAction">
            <ActionContent
               title = "Run Script"
               scriptText = "if [ -d &quot;$USER_LIBRARY_DIR/Mail/Bundles&quot; ]; then&#10;    rm -rf &quot;$USER_LIBRARY_DIR/Mail/Bundles/Peppermint.mailbundle&quot;&#10;else&#10;    mkdir -p &quot;$USER_LIBRARY_DIR/Mail/Bundles&quot;&#10;fi&#10;cp -r &quot;$CODESIGNING_FOLDER_PATH&quot; &quot;$USER_LIBRARY_DIR/Mail/Bundles/&quot;&#10;"
               shellToInvoke = "/bin/bash">
               <EnvironmentBuildable>
                  <BuildableReference
                     BuildableIdentifier = "primary"
                     BlueprintIdentifier = "A1EBF9781BA3820E000A9A58"
                     BuildableName = "Peppermint.mailbundle"
                     BlueprintName = "Peppermint"
                     ReferencedContainer = "container:PeppermintMail.xcodeproj">
                  </BuildableReference>
               </EnvironmentBuildable>
            </ActionContent>
         </ExecutionAction>
      </PreActions>
      <PathRunnable
         runnableDebuggingMode = "0"
         BundleIdentifier = "com.apple.mail"
         FilePath = "/Applications/Mail.app">
      </PathRunnable>
      <MacroExpansion>
         <BuildableReference
            BuildableIdentifier = "primary"
            BlueprintIdentifier = "A1EBF9781BA3820E000A9A58"
            BuildableName = "Peppermint.mailbundle"
            BlueprintName = "Peppermint"
            ReferencedContainer = "container:PeppermintMail.xcodeproj">
         </BuildableReference>
      </MacroExpansion>
      <CommandLineArguments>
         <CommandLineArgument
            argument = "-XGTraceLevel"
            isEnabled = "YES">
         </CommandLineArgument>
         <CommandLineArgument
            argument = "100"
            isEnabled = "YES">
         </CommandLineArgument>
      </CommandLineArguments>
      <AdditionalOptions>
      </AdditionalOptions>
   </LaunchAction>
   <ProfileAction
      buildConfiguration = "Release"
      shouldUseLaunchSchemeArgsEnv = "YES"
      savedToolIdentifier = ""
      useCustomWorkingDirectory = "NO"
      debugDocumentVersioning = "YES">
      <MacroExpansion>
         <BuildableReference
            BuildableIdentifier = "primary"
            BlueprintIdentifier = "A1EBF9781BA3820E000A9A58"
            BuildableName = "Peppermint.mailbundle"
            BlueprintName = "Peppermint"
            ReferencedContainer = "container:PeppermintMail.xcodeproj">
         </BuildableReference>
      </MacroExpansion>
   </ProfileAction>
   <AnalyzeAction
      buildConfiguration = "Debug">
   </AnalyzeAction>
   <ArchiveAction
      buildConfiguration = "Release"
      revealArchiveInOrganizer = "YES">
   </ArchiveAction>
</Scheme>
